PODS:
  - Kingfisher (7.6.2)
  - ProgressHUD (13.6.2)

DEPENDENCIES:
  - Kingfisher
  - ProgressHUD

SPEC REPOS:
  trunk:
    - Kingfisher
    - ProgressHUD

SPEC CHECKSUMS:
  Kingfisher: 6c5449c6450c5239166510ba04afe374a98afc4f
  ProgressHUD: 355915c8f033e626788fa9b0d99d06e8691595ab

PODFILE CHECKSUM: 726cb882eef7c572e260fed72f56e2f06283acd0

COCOAPODS: 1.11.3
